<?xml version="1.0" encoding="utf-8"?>
<Project ToolsVersion="4.0" xmlns="http://schemas.microsoft.com/developer/msbuild/2003">
  <ItemGroup>
    <ClCompile Include="src\main.cpp" />
    <ClCompile Include="src\Miner.cpp" />
    <ClCompile Include="src\MinerConfig.cpp" />
    <ClCompile Include="src\MinerLogger.cpp" />
    <ClCompile Include="src\MinerShabal.cpp" />
    <ClCompile Include="src\MinerUtil.cpp" />
    <ClCompile Include="src\PlotReader.cpp" />
    <ClCompile Include="src\nxt\nxt_address.cpp">
      <Filter>nxt</Filter>
    </ClCompile>
    <ClCompile Include="src\sphlib\sph_shabal.cpp">
      <Filter>sphlib</Filter>
    </ClCompile>
    <ClCompile Include="src\Deadline.cpp" />
    <ClCompile Include="src\Url.cpp" />
    <ClCompile Include="src\Request.cpp" />
    <ClCompile Include="src\Response.cpp" />
    <ClCompile Include="src\Socket.cpp" />
    <ClCompile Include="src\NonceSubmitter.cpp" />
    <ClCompile Include="src\Wallet.cpp" />
    <ClCompile Include="src\AccountNames.cpp" />
  </ItemGroup>
  <ItemGroup>
    <ClInclude Include="src\rapidjson\document.h">
      <Filter>rapidjson</Filter>
    </ClInclude>
    <ClInclude Include="src\rapidjson\filestream.h">
      <Filter>rapidjson</Filter>
    </ClInclude>
    <ClInclude Include="src\rapidjson\prettywriter.h">
      <Filter>rapidjson</Filter>
    </ClInclude>
    <ClInclude Include="src\rapidjson\rapidjson.h">
      <Filter>rapidjson</Filter>
    </ClInclude>
    <ClInclude Include="src\rapidjson\reader.h">
      <Filter>rapidjson</Filter>
    </ClInclude>
    <ClInclude Include="src\rapidjson\stringbuffer.h">
      <Filter>rapidjson</Filter>
    </ClInclude>
    <ClInclude Include="src\rapidjson\writer.h">
      <Filter>rapidjson</Filter>
    </ClInclude>
    <ClInclude Include="src\nxt\nxt_address.h">
      <Filter>nxt</Filter>
    </ClInclude>
    <ClInclude Include="src\sphlib\sph_shabal.h">
      <Filter>sphlib</Filter>
    </ClInclude>
    <ClInclude Include="src\sphlib\sph_types.h">
      <Filter>sphlib</Filter>
    </ClInclude>
    <ClInclude Include="src\Declarations.hpp" />
    <ClInclude Include="src\SocketDefinitions.hpp" />
    <ClInclude Include="src\Deadline.hpp" />
    <ClInclude Include="src\win\dirent.h" />
    <ClInclude Include="src\Url.hpp" />
    <ClInclude Include="src\Request.hpp" />
    <ClInclude Include="src\Response.hpp" />
    <ClInclude Include="src\Socket.hpp" />
    <ClInclude Include="src\NonceSubmitter.hpp" />
    <ClInclude Include="src\Miner.hpp" />
    <ClInclude Include="src\MinerConfig.hpp" />
    <ClInclude Include="src\MinerLogger.hpp" />
    <ClInclude Include="src\MinerShabal.hpp" />
    <ClInclude Include="src\MinerUtil.hpp" />
    <ClInclude Include="src\PlotReader.hpp" />
    <ClInclude Include="src\Wallet.hpp" />
    <ClInclude Include="src\AccountNames.hpp" />
  </ItemGroup>
  <ItemGroup>
    <Filter Include="sphlib">
      <UniqueIdentifier>{531922ef-2cd8-4350-b951-76cbc096b866}</UniqueIdentifier>
    </Filter>
    <Filter Include="nxt">
      <UniqueIdentifier>{42eb2a1b-d1fb-4180-8563-9545d4df189e}</UniqueIdentifier>
    </Filter>
    <Filter Include="rapidjson">
      <UniqueIdentifier>{242f4f66-14f5-4d5c-8fad-1da976a482d7}</UniqueIdentifier>
    </Filter>
  </ItemGroup>
  <ItemGroup>
    <Image Include="icon.ico" />
  </ItemGroup>
  <ItemGroup>
    <ResourceCompile Include="src\resources.rc" />
  </ItemGroup>
</Project>