<?xml version="1.0" encoding="utf-8"?>
<Project ToolsVersion="4.0" xmlns="http://schemas.microsoft.com/developer/msbuild/2003">
  <ItemGroup>
    <ClCompile Include="src\main.cpp" />
    <ClCompile Include="src\Miner.cpp" />
    <ClCompile Include="src\MinerConfig.cpp" />
    <ClCompile Include="src\MinerLogger.cpp" />
    <ClCompile Include="src\MinerProtocol.cpp" />
    <ClCompile Include="src\MinerShabal.cpp" />
    <ClCompile Include="src\MinerUtil.cpp" />
    <ClCompile Include="src\PlotReader.cpp" />
    <ClCompile Include="src\nxt\nxt_address.cpp">
      <Filter>nxt</Filter>
    </ClCompile>
    <ClCompile Include="src\sphlib\sph_shabal.cpp">
      <Filter>sphlib</Filter>
    </ClCompile>
  </ItemGroup>
  <ItemGroup>
    <ClInclude Include="src\Miner.h" />
    <ClInclude Include="src\MinerConfig.h" />
    <ClInclude Include="src\MinerLogger.h" />
    <ClInclude Include="src\MinerProtocol.h" />
    <ClInclude Include="src\MinerShabal.h" />
    <ClInclude Include="src\MinerUtil.h" />
    <ClInclude Include="src\PlotReader.h" />
    <ClInclude Include="src\rapidjson\document.h">
      <Filter>rapidjson</Filter>
    </ClInclude>
    <ClInclude Include="src\rapidjson\filestream.h">
      <Filter>rapidjson</Filter>
    </ClInclude>
    <ClInclude Include="src\rapidjson\prettywriter.h">
      <Filter>rapidjson</Filter>
    </ClInclude>
    <ClInclude Include="src\rapidjson\rapidjson.h">
      <Filter>rapidjson</Filter>
    </ClInclude>
    <ClInclude Include="src\rapidjson\reader.h">
      <Filter>rapidjson</Filter>
    </ClInclude>
    <ClInclude Include="src\rapidjson\stringbuffer.h">
      <Filter>rapidjson</Filter>
    </ClInclude>
    <ClInclude Include="src\rapidjson\writer.h">
      <Filter>rapidjson</Filter>
    </ClInclude>
    <ClInclude Include="src\nxt\nxt_address.h">
      <Filter>nxt</Filter>
    </ClInclude>
    <ClInclude Include="src\sphlib\sph_shabal.h">
      <Filter>sphlib</Filter>
    </ClInclude>
    <ClInclude Include="src\sphlib\sph_types.h">
      <Filter>sphlib</Filter>
    </ClInclude>
  </ItemGroup>
  <ItemGroup>
    <Filter Include="sphlib">
      <UniqueIdentifier>{531922ef-2cd8-4350-b951-76cbc096b866}</UniqueIdentifier>
    </Filter>
    <Filter Include="nxt">
      <UniqueIdentifier>{42eb2a1b-d1fb-4180-8563-9545d4df189e}</UniqueIdentifier>
    </Filter>
    <Filter Include="rapidjson">
      <UniqueIdentifier>{242f4f66-14f5-4d5c-8fad-1da976a482d7}</UniqueIdentifier>
    </Filter>
  </ItemGroup>
</Project>