// !$*UTF8*$!
{
	archiveVersion = 1;
	classes = {
	};
	objectVersion = 46;
	objects = {

/* Begin PBXBuildFile section */
		14C1B22419CB414B00E26D42 /* Makefile in Sources */ = {isa = PBXBuildFile; fileRef = 14C1B22319CB414B00E26D42 /* Makefile */; };
		14DA79FE19CB4CCE004EB96F /* main.cpp in Sources */ = {isa = PBXBuildFile; fileRef = 14DA79DF19CB4CCE004EB96F /* main.cpp */; };
		14DA79FF19CB4CCE004EB96F /* Miner.cpp in Sources */ = {isa = PBXBuildFile; fileRef = 14DA79E019CB4CCE004EB96F /* Miner.cpp */; };
		14DA7A0019CB4CCE004EB96F /* MinerConfig.cpp in Sources */ = {isa = PBXBuildFile; fileRef = 14DA79E219CB4CCE004EB96F /* MinerConfig.cpp */; };
		14DA7A0119CB4CCE004EB96F /* MinerLogger.cpp in Sources */ = {isa = PBXBuildFile; fileRef = 14DA79E419CB4CCE004EB96F /* MinerLogger.cpp */; };
		14DA7A0219CB4CCE004EB96F /* MinerProtocol.cpp in Sources */ = {isa = PBXBuildFile; fileRef = 14DA79E619CB4CCE004EB96F /* MinerProtocol.cpp */; };
		14DA7A0319CB4CCE004EB96F /* MinerShabal.cpp in Sources */ = {isa = PBXBuildFile; fileRef = 14DA79E819CB4CCE004EB96F /* MinerShabal.cpp */; };
		14DA7A0419CB4CCE004EB96F /* MinerUtil.cpp in Sources */ = {isa = PBXBuildFile; fileRef = 14DA79EA19CB4CCE004EB96F /* MinerUtil.cpp */; };
		14DA7A0519CB4CCE004EB96F /* PlotReader.cpp in Sources */ = {isa = PBXBuildFile; fileRef = 14DA79EC19CB4CCE004EB96F /* PlotReader.cpp */; };
		14DA7A0619CB4CCE004EB96F /* sph_shabal.cpp in Sources */ = {isa = PBXBuildFile; fileRef = 14DA79FB19CB4CCE004EB96F /* sph_shabal.cpp */; };
		14DA7A0B19CB5A0E004EB96F /* nxt_address.cpp in Sources */ = {isa = PBXBuildFile; fileRef = 14DA7A0A19CB5A0E004EB96F /* nxt_address.cpp */; };
/* End PBXBuildFile section */

/* Begin PBXCopyFilesBuildPhase section */
		1495546A19C6C76100DC6D79 /* CopyFiles */ = {
			isa = PBXCopyFilesBuildPhase;
			buildActionMask = 2147483647;
			dstPath = /usr/share/man/man1/;
			dstSubfolderSpec = 0;
			files = (
			);
			runOnlyForDeploymentPostprocessing = 1;
		};
/* End PBXCopyFilesBuildPhase section */

/* Begin PBXFileReference section */
		1495546C19C6C76100DC6D79 /* cryptoport-miner */ = {isa = PBXFileReference; explicitFileType = "compiled.mach-o.executable"; includeInIndex = 0; path = "cryptoport-miner"; sourceTree = BUILT_PRODUCTS_DIR; };
		14C1B22319CB414B00E26D42 /* Makefile */ = {isa = PBXFileReference; fileEncoding = 4; lastKnownFileType = sourcecode.make; path = Makefile; sourceTree = "<group>"; };
		14DA79DF19CB4CCE004EB96F /* main.cpp */ = {isa = PBXFileReference; fileEncoding = 4; lastKnownFileType = sourcecode.cpp.cpp; path = main.cpp; sourceTree = "<group>"; };
		14DA79E019CB4CCE004EB96F /* Miner.cpp */ = {isa = PBXFileReference; fileEncoding = 4; lastKnownFileType = sourcecode.cpp.cpp; path = Miner.cpp; sourceTree = "<group>"; };
		14DA79E119CB4CCE004EB96F /* Miner.h */ = {isa = PBXFileReference; fileEncoding = 4; lastKnownFileType = sourcecode.c.h; path = Miner.h; sourceTree = "<group>"; };
		14DA79E219CB4CCE004EB96F /* MinerConfig.cpp */ = {isa = PBXFileReference; fileEncoding = 4; lastKnownFileType = sourcecode.cpp.cpp; path = MinerConfig.cpp; sourceTree = "<group>"; };
		14DA79E319CB4CCE004EB96F /* MinerConfig.h */ = {isa = PBXFileReference; fileEncoding = 4; lastKnownFileType = sourcecode.c.h; path = MinerConfig.h; sourceTree = "<group>"; };
		14DA79E419CB4CCE004EB96F /* MinerLogger.cpp */ = {isa = PBXFileReference; fileEncoding = 4; lastKnownFileType = sourcecode.cpp.cpp; path = MinerLogger.cpp; sourceTree = "<group>"; };
		14DA79E519CB4CCE004EB96F /* MinerLogger.h */ = {isa = PBXFileReference; fileEncoding = 4; lastKnownFileType = sourcecode.c.h; path = MinerLogger.h; sourceTree = "<group>"; };
		14DA79E619CB4CCE004EB96F /* MinerProtocol.cpp */ = {isa = PBXFileReference; fileEncoding = 4; lastKnownFileType = sourcecode.cpp.cpp; path = MinerProtocol.cpp; sourceTree = "<group>"; };
		14DA79E719CB4CCE004EB96F /* MinerProtocol.h */ = {isa = PBXFileReference; fileEncoding = 4; lastKnownFileType = sourcecode.c.h; path = MinerProtocol.h; sourceTree = "<group>"; };
		14DA79E819CB4CCE004EB96F /* MinerShabal.cpp */ = {isa = PBXFileReference; fileEncoding = 4; lastKnownFileType = sourcecode.cpp.cpp; path = MinerShabal.cpp; sourceTree = "<group>"; };
		14DA79E919CB4CCE004EB96F /* MinerShabal.h */ = {isa = PBXFileReference; fileEncoding = 4; lastKnownFileType = sourcecode.c.h; path = MinerShabal.h; sourceTree = "<group>"; };
		14DA79EA19CB4CCE004EB96F /* MinerUtil.cpp */ = {isa = PBXFileReference; fileEncoding = 4; lastKnownFileType = sourcecode.cpp.cpp; path = MinerUtil.cpp; sourceTree = "<group>"; };
		14DA79EB19CB4CCE004EB96F /* MinerUtil.h */ = {isa = PBXFileReference; fileEncoding = 4; lastKnownFileType = sourcecode.c.h; path = MinerUtil.h; sourceTree = "<group>"; };
		14DA79EC19CB4CCE004EB96F /* PlotReader.cpp */ = {isa = PBXFileReference; fileEncoding = 4; lastKnownFileType = sourcecode.cpp.cpp; path = PlotReader.cpp; sourceTree = "<group>"; };
		14DA79ED19CB4CCE004EB96F /* PlotReader.h */ = {isa = PBXFileReference; fileEncoding = 4; lastKnownFileType = sourcecode.c.h; path = PlotReader.h; sourceTree = "<group>"; };
		14DA79EF19CB4CCE004EB96F /* document.h */ = {isa = PBXFileReference; fileEncoding = 4; lastKnownFileType = sourcecode.c.h; path = document.h; sourceTree = "<group>"; };
		14DA79F019CB4CCE004EB96F /* filestream.h */ = {isa = PBXFileReference; fileEncoding = 4; lastKnownFileType = sourcecode.c.h; path = filestream.h; sourceTree = "<group>"; };
		14DA79F219CB4CCE004EB96F /* pow10.h */ = {isa = PBXFileReference; fileEncoding = 4; lastKnownFileType = sourcecode.c.h; path = pow10.h; sourceTree = "<group>"; };
		14DA79F319CB4CCE004EB96F /* stack.h */ = {isa = PBXFileReference; fileEncoding = 4; lastKnownFileType = sourcecode.c.h; path = stack.h; sourceTree = "<group>"; };
		14DA79F419CB4CCE004EB96F /* strfunc.h */ = {isa = PBXFileReference; fileEncoding = 4; lastKnownFileType = sourcecode.c.h; path = strfunc.h; sourceTree = "<group>"; };
		14DA79F519CB4CCE004EB96F /* prettywriter.h */ = {isa = PBXFileReference; fileEncoding = 4; lastKnownFileType = sourcecode.c.h; path = prettywriter.h; sourceTree = "<group>"; };
		14DA79F619CB4CCE004EB96F /* rapidjson.h */ = {isa = PBXFileReference; fileEncoding = 4; lastKnownFileType = sourcecode.c.h; path = rapidjson.h; sourceTree = "<group>"; };
		14DA79F719CB4CCE004EB96F /* reader.h */ = {isa = PBXFileReference; fileEncoding = 4; lastKnownFileType = sourcecode.c.h; path = reader.h; sourceTree = "<group>"; };
		14DA79F819CB4CCE004EB96F /* stringbuffer.h */ = {isa = PBXFileReference; fileEncoding = 4; lastKnownFileType = sourcecode.c.h; path = stringbuffer.h; sourceTree = "<group>"; };
		14DA79F919CB4CCE004EB96F /* writer.h */ = {isa = PBXFileReference; fileEncoding = 4; lastKnownFileType = sourcecode.c.h; path = writer.h; sourceTree = "<group>"; };
		14DA79FB19CB4CCE004EB96F /* sph_shabal.cpp */ = {isa = PBXFileReference; fileEncoding = 4; lastKnownFileType = sourcecode.cpp.cpp; path = sph_shabal.cpp; sourceTree = "<group>"; };
		14DA79FC19CB4CCE004EB96F /* sph_shabal.h */ = {isa = PBXFileReference; fileEncoding = 4; lastKnownFileType = sourcecode.c.h; path = sph_shabal.h; sourceTree = "<group>"; };
		14DA79FD19CB4CCE004EB96F /* sph_types.h */ = {isa = PBXFileReference; fileEncoding = 4; lastKnownFileType = sourcecode.c.h; path = sph_types.h; sourceTree = "<group>"; };
		14DA7A0819CB5801004EB96F /* nxt_address.h */ = {isa = PBXFileReference; fileEncoding = 4; lastKnownFileType = sourcecode.c.h; path = nxt_address.h; sourceTree = "<group>"; };
		14DA7A0A19CB5A0E004EB96F /* nxt_address.cpp */ = {isa = PBXFileReference; fileEncoding = 4; lastKnownFileType = sourcecode.cpp.cpp; path = nxt_address.cpp; sourceTree = "<group>"; };
/* End PBXFileReference section */

/* Begin PBXFrameworksBuildPhase section */
		1495546919C6C76100DC6D79 /* Frameworks */ = {
			isa = PBXFrameworksBuildPhase;
			buildActionMask = 2147483647;
			files = (
			);
			runOnlyForDeploymentPostprocessing = 0;
		};
/* End PBXFrameworksBuildPhase section */

/* Begin PBXGroup section */
		1495546319C6C76100DC6D79 = {
			isa = PBXGroup;
			children = (
				14DA79DE19CB4CCE004EB96F /* src */,
				14C1B22319CB414B00E26D42 /* Makefile */,
				1495546D19C6C76100DC6D79 /* Products */,
			);
			sourceTree = "<group>";
		};
		1495546D19C6C76100DC6D79 /* Products */ = {
			isa = PBXGroup;
			children = (
				1495546C19C6C76100DC6D79 /* cryptoport-miner */,
			);
			name = Products;
			sourceTree = "<group>";
		};
		14DA79DE19CB4CCE004EB96F /* src */ = {
			isa = PBXGroup;
			children = (
				14DA7A0719CB5801004EB96F /* nxt */,
				14DA79DF19CB4CCE004EB96F /* main.cpp */,
				14DA79E019CB4CCE004EB96F /* Miner.cpp */,
				14DA79E119CB4CCE004EB96F /* Miner.h */,
				14DA79E219CB4CCE004EB96F /* MinerConfig.cpp */,
				14DA79E319CB4CCE004EB96F /* MinerConfig.h */,
				14DA79E419CB4CCE004EB96F /* MinerLogger.cpp */,
				14DA79E519CB4CCE004EB96F /* MinerLogger.h */,
				14DA79E619CB4CCE004EB96F /* MinerProtocol.cpp */,
				14DA79E719CB4CCE004EB96F /* MinerProtocol.h */,
				14DA79E819CB4CCE004EB96F /* MinerShabal.cpp */,
				14DA79E919CB4CCE004EB96F /* MinerShabal.h */,
				14DA79EA19CB4CCE004EB96F /* MinerUtil.cpp */,
				14DA79EB19CB4CCE004EB96F /* MinerUtil.h */,
				14DA79EC19CB4CCE004EB96F /* PlotReader.cpp */,
				14DA79ED19CB4CCE004EB96F /* PlotReader.h */,
				14DA79EE19CB4CCE004EB96F /* rapidjson */,
				14DA79FA19CB4CCE004EB96F /* sphlib */,
			);
			path = src;
			sourceTree = "<group>";
		};
		14DA79EE19CB4CCE004EB96F /* rapidjson */ = {
			isa = PBXGroup;
			children = (
				14DA79EF19CB4CCE004EB96F /* document.h */,
				14DA79F019CB4CCE004EB96F /* filestream.h */,
				14DA79F119CB4CCE004EB96F /* internal */,
				14DA79F519CB4CCE004EB96F /* prettywriter.h */,
				14DA79F619CB4CCE004EB96F /* rapidjson.h */,
				14DA79F719CB4CCE004EB96F /* reader.h */,
				14DA79F819CB4CCE004EB96F /* stringbuffer.h */,
				14DA79F919CB4CCE004EB96F /* writer.h */,
			);
			path = rapidjson;
			sourceTree = "<group>";
		};
		14DA79F119CB4CCE004EB96F /* internal */ = {
			isa = PBXGroup;
			children = (
				14DA79F219CB4CCE004EB96F /* pow10.h */,
				14DA79F319CB4CCE004EB96F /* stack.h */,
				14DA79F419CB4CCE004EB96F /* strfunc.h */,
			);
			path = internal;
			sourceTree = "<group>";
		};
		14DA79FA19CB4CCE004EB96F /* sphlib */ = {
			isa = PBXGroup;
			children = (
				14DA79FB19CB4CCE004EB96F /* sph_shabal.cpp */,
				14DA79FC19CB4CCE004EB96F /* sph_shabal.h */,
				14DA79FD19CB4CCE004EB96F /* sph_types.h */,
			);
			path = sphlib;
			sourceTree = "<group>";
		};
		14DA7A0719CB5801004EB96F /* nxt */ = {
			isa = PBXGroup;
			children = (
				14DA7A0819CB5801004EB96F /* nxt_address.h */,
				14DA7A0A19CB5A0E004EB96F /* nxt_address.cpp */,
			);
			path = nxt;
			sourceTree = "<group>";
		};
/* End PBXGroup section */

/* Begin PBXNativeTarget section */
		1495546B19C6C76100DC6D79 /* cryptoport-miner */ = {
			isa = PBXNativeTarget;
			buildConfigurationList = 1495547519C6C76100DC6D79 /* Build configuration list for PBXNativeTarget "cryptoport-miner" */;
			buildPhases = (
				1495546819C6C76100DC6D79 /* Sources */,
				1495546919C6C76100DC6D79 /* Frameworks */,
				1495546A19C6C76100DC6D79 /* CopyFiles */,
			);
			buildRules = (
			);
			dependencies = (
			);
			name = "cryptoport-miner";
			productName = "cryptoport-miner";
			productReference = 1495546C19C6C76100DC6D79 /* cryptoport-miner */;
			productType = "com.apple.product-type.tool";
		};
/* End PBXNativeTarget section */

/* Begin PBXProject section */
		1495546419C6C76100DC6D79 /* Project object */ = {
			isa = PBXProject;
			attributes = {
				LastUpgradeCheck = 0510;
				ORGANIZATIONNAME = Miner;
			};
			buildConfigurationList = 1495546719C6C76100DC6D79 /* Build configuration list for PBXProject "cryptoport-miner" */;
			compatibilityVersion = "Xcode 3.2";
			developmentRegion = English;
			hasScannedForEncodings = 0;
			knownRegions = (
				en,
			);
			mainGroup = 1495546319C6C76100DC6D79;
			productRefGroup = 1495546D19C6C76100DC6D79 /* Products */;
			projectDirPath = "";
			projectRoot = "";
			targets = (
				1495546B19C6C76100DC6D79 /* cryptoport-miner */,
			);
		};
/* End PBXProject section */

/* Begin PBXSourcesBuildPhase section */
		1495546819C6C76100DC6D79 /* Sources */ = {
			isa = PBXSourcesBuildPhase;
			buildActionMask = 2147483647;
			files = (
				14C1B22419CB414B00E26D42 /* Makefile in Sources */,
				14DA7A0B19CB5A0E004EB96F /* nxt_address.cpp in Sources */,
				14DA79FE19CB4CCE004EB96F /* main.cpp in Sources */,
				14DA7A0119CB4CCE004EB96F /* MinerLogger.cpp in Sources */,
				14DA7A0319CB4CCE004EB96F /* MinerShabal.cpp in Sources */,
				14DA7A0419CB4CCE004EB96F /* MinerUtil.cpp in Sources */,
				14DA7A0619CB4CCE004EB96F /* sph_shabal.cpp in Sources */,
				14DA79FF19CB4CCE004EB96F /* Miner.cpp in Sources */,
				14DA7A0219CB4CCE004EB96F /* MinerProtocol.cpp in Sources */,
				14DA7A0019CB4CCE004EB96F /* MinerConfig.cpp in Sources */,
				14DA7A0519CB4CCE004EB96F /* PlotReader.cpp in Sources */,
			);
			runOnlyForDeploymentPostprocessing = 0;
		};
/* End PBXSourcesBuildPhase section */

/* Begin XCBuildConfiguration section */
		1495547319C6C76100DC6D79 /* Debug */ = {
			isa = XCBuildConfiguration;
			buildSettings = {
				ALWAYS_SEARCH_USER_PATHS = NO;
				ARCHS = "$(ARCHS_STANDARD_64_BIT)";
				CLANG_CXX_LANGUAGE_STANDARD = "gnu++0x";
				CLANG_CXX_LIBRARY = "libc++";
				CLANG_ENABLE_MODULES = YES;
				CLANG_ENABLE_OBJC_ARC = YES;
				CLANG_STATIC_ANALYZER_MODE = deep;
				CLANG_WARN_BOOL_CONVERSION = YES;
				CLANG_WARN_CONSTANT_CONVERSION = YES;
				CLANG_WARN_DIRECT_OBJC_ISA_USAGE = YES_ERROR;
				CLANG_WARN_EMPTY_BODY = YES;
				CLANG_WARN_ENUM_CONVERSION = YES;
				CLANG_WARN_INT_CONVERSION = YES;
				CLANG_WARN_OBJC_ROOT_CLASS = YES_ERROR;
				CLANG_WARN__DUPLICATE_METHOD_MATCH = YES;
				CLANG_X86_VECTOR_INSTRUCTIONS = default;
				COPY_PHASE_STRIP = NO;
				DEBUG_INFORMATION_FORMAT = "dwarf-with-dsym";
				GCC_C_LANGUAGE_STANDARD = gnu11;
				GCC_DYNAMIC_NO_PIC = NO;
				GCC_ENABLE_OBJC_EXCEPTIONS = YES;
				GCC_OPTIMIZATION_LEVEL = 0;
				GCC_PREPROCESSOR_DEFINITIONS = (
					"DEBUG=1",
					"$(inherited)",
				);
				GCC_SYMBOLS_PRIVATE_EXTERN = NO;
				GCC_WARN_64_TO_32_BIT_CONVERSION = YES;
				GCC_WARN_ABOUT_RETURN_TYPE = YES_ERROR;
				GCC_WARN_UNDECLARED_SELECTOR = YES;
				GCC_WARN_UNINITIALIZED_AUTOS = YES_AGGRESSIVE;
				GCC_WARN_UNUSED_FUNCTION = YES;
				GCC_WARN_UNUSED_VARIABLE = YES;
				MACOSX_DEPLOYMENT_TARGET = 10.8;
				ONLY_ACTIVE_ARCH = YES;
				SDKROOT = macosx10.8;
				VALID_ARCHS = x86_64;
			};
			name = Debug;
		};
		1495547419C6C76100DC6D79 /* Release */ = {
			isa = XCBuildConfiguration;
			buildSettings = {
				ALWAYS_SEARCH_USER_PATHS = NO;
				ARCHS = "$(ARCHS_STANDARD_64_BIT)";
				CLANG_CXX_LANGUAGE_STANDARD = "gnu++0x";
				CLANG_CXX_LIBRARY = "libc++";
				CLANG_ENABLE_MODULES = YES;
				CLANG_ENABLE_OBJC_ARC = YES;
				CLANG_STATIC_ANALYZER_MODE = deep;
				CLANG_WARN_BOOL_CONVERSION = YES;
				CLANG_WARN_CONSTANT_CONVERSION = YES;
				CLANG_WARN_DIRECT_OBJC_ISA_USAGE = YES_ERROR;
				CLANG_WARN_EMPTY_BODY = YES;
				CLANG_WARN_ENUM_CONVERSION = YES;
				CLANG_WARN_INT_CONVERSION = YES;
				CLANG_WARN_OBJC_ROOT_CLASS = YES_ERROR;
				CLANG_WARN__DUPLICATE_METHOD_MATCH = YES;
				CLANG_X86_VECTOR_INSTRUCTIONS = sse4.2;
				CODE_SIGN_IDENTITY = "";
				COPY_PHASE_STRIP = YES;
				DEBUG_INFORMATION_FORMAT = dwarf;
				ENABLE_NS_ASSERTIONS = NO;
				GCC_C_LANGUAGE_STANDARD = gnu11;
				GCC_ENABLE_OBJC_EXCEPTIONS = YES;
				GCC_GENERATE_DEBUGGING_SYMBOLS = NO;
				GCC_OPTIMIZATION_LEVEL = fast;
				GCC_SYMBOLS_PRIVATE_EXTERN = YES;
				GCC_UNROLL_LOOPS = YES;
				GCC_WARN_64_TO_32_BIT_CONVERSION = YES;
				GCC_WARN_ABOUT_RETURN_TYPE = YES_ERROR;
				GCC_WARN_UNDECLARED_SELECTOR = YES;
				GCC_WARN_UNINITIALIZED_AUTOS = YES_AGGRESSIVE;
				GCC_WARN_UNUSED_FUNCTION = YES;
				GCC_WARN_UNUSED_VARIABLE = YES;
				LLVM_LTO = YES;
				MACOSX_DEPLOYMENT_TARGET = 10.8;
				ONLY_ACTIVE_ARCH = YES;
				SDKROOT = macosx10.8;
				VALID_ARCHS = x86_64;
			};
			name = Release;
		};
		1495547619C6C76100DC6D79 /* Debug */ = {
			isa = XCBuildConfiguration;
			buildSettings = {
				PRODUCT_NAME = "$(TARGET_NAME)";
			};
			name = Debug;
		};
		1495547719C6C76100DC6D79 /* Release */ = {
			isa = XCBuildConfiguration;
			buildSettings = {
				PRODUCT_NAME = "$(TARGET_NAME)";
			};
			name = Release;
		};
/* End XCBuildConfiguration section */

/* Begin XCConfigurationList section */
		1495546719C6C76100DC6D79 /* Build configuration list for PBXProject "cryptoport-miner" */ = {
			isa = XCConfigurationList;
			buildConfigurations = (
				1495547319C6C76100DC6D79 /* Debug */,
				1495547419C6C76100DC6D79 /* Release */,
			);
			defaultConfigurationIsVisible = 0;
			defaultConfigurationName = Release;
		};
		1495547519C6C76100DC6D79 /* Build configuration list for PBXNativeTarget "cryptoport-miner" */ = {
			isa = XCConfigurationList;
			buildConfigurations = (
				1495547619C6C76100DC6D79 /* Debug */,
				1495547719C6C76100DC6D79 /* Release */,
			);
			defaultConfigurationIsVisible = 0;
			defaultConfigurationName = Release;
		};
/* End XCConfigurationList section */
	};
	rootObject = 1495546419C6C76100DC6D79 /* Project object */;
}
